// !$*UTF8*$!
{
	archiveVersion = 1;
	classes = {
	};
	objectVersion = 55;
	objects = {

/* Begin PBXBuildFile section */
		1A36EB1527A6810100E6F507 /* LocalNotificationManager.swift in Sources */ = {isa = PBXBuildFile; fileRef = 1A36EB1427A6810000E6F507 /* LocalNotificationManager.swift */; };
		1A36EB1727A7D3F000E6F507 /* BusViewController.swift in Sources */ = {isa = PBXBuildFile; fileRef = 1A36EB1627A7D3F000E6F507 /* BusViewController.swift */; };
		1A36EB1927A7D4E100E6F507 /* Bus.swift in Sources */ = {isa = PBXBuildFile; fileRef = 1A36EB1827A7D4E100E6F507 /* Bus.swift */; };
		1A78EC47277EF05B00AEED90 /* AppDelegate.swift in Sources */ = {isa = PBXBuildFile; fileRef = 1A78EC46277EF05B00AEED90 /* AppDelegate.swift */; };
		1A78EC4B277EF05B00AEED90 /* MainViewController.swift in Sources */ = {isa = PBXBuildFile; fileRef = 1A78EC4A277EF05B00AEED90 /* MainViewController.swift */; };
		1A78EC4E277EF05B00AEED90 /* Main.storyboard in Resources */ = {isa = PBXBuildFile; fileRef = 1A78EC4C277EF05B00AEED90 /* Main.storyboard */; };
		1A78EC50277EF05E00AEED90 /* Assets.xcassets in Resources */ = {isa = PBXBuildFile; fileRef = 1A78EC4F277EF05E00AEED90 /* Assets.xcassets */; };
		1A78EC53277EF05E00AEED90 /* LaunchScreen.storyboard in Resources */ = {isa = PBXBuildFile; fileRef = 1A78EC51277EF05E00AEED90 /* LaunchScreen.storyboard */; };
		1A78EC5F2781AC5000AEED90 /* MyTableViewCell.swift in Sources */ = {isa = PBXBuildFile; fileRef = 1A78EC5D2781AC4F00AEED90 /* MyTableViewCell.swift */; };
		1A78EC602781AC5000AEED90 /* MyTableViewCell.xib in Resources */ = {isa = PBXBuildFile; fileRef = 1A78EC5E2781AC4F00AEED90 /* MyTableViewCell.xib */; };
		1A78EC642781B1DA00AEED90 /* Constants.swift in Sources */ = {isa = PBXBuildFile; fileRef = 1A78EC632781B1DA00AEED90 /* Constants.swift */; };
		1A78EC6627820C6D00AEED90 /* SelectionViewController.swift in Sources */ = {isa = PBXBuildFile; fileRef = 1A78EC6527820C6C00AEED90 /* SelectionViewController.swift */; };
		1A78EC68278214CD00AEED90 /* SubwayViewController.swift in Sources */ = {isa = PBXBuildFile; fileRef = 1A78EC67278214CD00AEED90 /* SubwayViewController.swift */; };
		1ABD2AC12784A09800AF27C2 /* Subway.swift in Sources */ = {isa = PBXBuildFile; fileRef = 1ABD2AC02784A09800AF27C2 /* Subway.swift */; };
		1ABD2AC32785FE0700AF27C2 /* AlarmViewController.swift in Sources */ = {isa = PBXBuildFile; fileRef = 1ABD2AC22785FE0600AF27C2 /* AlarmViewController.swift */; };
		1AD6D1702791E17100CDBCC3 /* test2.m4a in Resources */ = {isa = PBXBuildFile; fileRef = 1AD6D16F2791E17100CDBCC3 /* test2.m4a */; };
		1AD6D1742792F31B00CDBCC3 /* audiotest.m4a in Resources */ = {isa = PBXBuildFile; fileRef = 1AD6D1732792F31B00CDBCC3 /* audiotest.m4a */; };
		1AFD2C7D279D5C05006E3612 /* SubwayAlarmData.swift in Sources */ = {isa = PBXBuildFile; fileRef = 1AFD2C7C279D5C05006E3612 /* SubwayAlarmData.swift */; };
		A9A76320FFF9BE417DD91590 /* Pods_Hatcha.framework in Frameworks */ = {isa = PBXBuildFile; fileRef = 4F9D827C8A4C08A3E77CBD05 /* Pods_Hatcha.framework */; };
/* End PBXBuildFile section */

/* Begin PBXCopyFilesBuildPhase section */
		1ABB07AA27909635000DB3A5 /* Embed Frameworks */ = {
			isa = PBXCopyFilesBuildPhase;
			buildActionMask = 2147483647;
			dstPath = "";
			dstSubfolderSpec = 10;
			files = (
			);
			name = "Embed Frameworks";
			runOnlyForDeploymentPostprocessing = 0;
		};
/* End PBXCopyFilesBuildPhase section */

/* Begin PBXFileReference section */
		1A36EB1427A6810000E6F507 /* LocalNotificationManager.swift */ = {isa = PBXFileReference; fileEncoding = 4; lastKnownFileType = sourcecode.swift; path = LocalNotificationManager.swift; sourceTree = "<group>"; };
		1A36EB1627A7D3F000E6F507 /* BusViewController.swift */ = {isa = PBXFileReference; lastKnownFileType = sourcecode.swift; path = BusViewController.swift; sourceTree = "<group>"; };
		1A36EB1827A7D4E100E6F507 /* Bus.swift */ = {isa = PBXFileReference; lastKnownFileType = sourcecode.swift; path = Bus.swift; sourceTree = "<group>"; };
		1A78EC43277EF05B00AEED90 /* Hatcha.app */ = {isa = PBXFileReference; explicitFileType = wrapper.application; includeInIndex = 0; path = Hatcha.app; sourceTree = BUILT_PRODUCTS_DIR; };
		1A78EC46277EF05B00AEED90 /* AppDelegate.swift */ = {isa = PBXFileReference; lastKnownFileType = sourcecode.swift; path = AppDelegate.swift; sourceTree = "<group>"; };
		1A78EC4A277EF05B00AEED90 /* MainViewController.swift */ = {isa = PBXFileReference; lastKnownFileType = sourcecode.swift; path = MainViewController.swift; sourceTree = "<group>"; };
		1A78EC4D277EF05B00AEED90 /* Base */ = {isa = PBXFileReference; lastKnownFileType = file.storyboard; name = Base; path = Base.lproj/Main.storyboard; sourceTree = "<group>"; };
		1A78EC4F277EF05E00AEED90 /* Assets.xcassets */ = {isa = PBXFileReference; lastKnownFileType = folder.assetcatalog; path = Assets.xcassets; sourceTree = "<group>"; };
		1A78EC52277EF05E00AEED90 /* Base */ = {isa = PBXFileReference; lastKnownFileType = file.storyboard; name = Base; path = Base.lproj/LaunchScreen.storyboard; sourceTree = "<group>"; };
		1A78EC54277EF05E00AEED90 /* Info.plist */ = {isa = PBXFileReference; lastKnownFileType = text.plist.xml; path = Info.plist; sourceTree = "<group>"; };
		1A78EC5D2781AC4F00AEED90 /* MyTableViewCell.swift */ = {isa = PBXFileReference; lastKnownFileType = sourcecode.swift; path = MyTableViewCell.swift; sourceTree = "<group>"; };
		1A78EC5E2781AC4F00AEED90 /* MyTableViewCell.xib */ = {isa = PBXFileReference; lastKnownFileType = file.xib; path = MyTableViewCell.xib; sourceTree = "<group>"; };
		1A78EC632781B1DA00AEED90 /* Constants.swift */ = {isa = PBXFileReference; lastKnownFileType = sourcecode.swift; path = Constants.swift; sourceTree = "<group>"; };
		1A78EC6527820C6C00AEED90 /* SelectionViewController.swift */ = {isa = PBXFileReference; lastKnownFileType = sourcecode.swift; path = SelectionViewController.swift; sourceTree = "<group>"; };
		1A78EC67278214CD00AEED90 /* SubwayViewController.swift */ = {isa = PBXFileReference; lastKnownFileType = sourcecode.swift; path = SubwayViewController.swift; sourceTree = "<group>"; };
		1ABD2AC02784A09800AF27C2 /* Subway.swift */ = {isa = PBXFileReference; lastKnownFileType = sourcecode.swift; path = Subway.swift; sourceTree = "<group>"; };
		1ABD2AC22785FE0600AF27C2 /* AlarmViewController.swift */ = {isa = PBXFileReference; lastKnownFileType = sourcecode.swift; path = AlarmViewController.swift; sourceTree = "<group>"; };
		1AD6D16F2791E17100CDBCC3 /* test2.m4a */ = {isa = PBXFileReference; lastKnownFileType = file; path = test2.m4a; sourceTree = "<group>"; };
		1AD6D1732792F31B00CDBCC3 /* audiotest.m4a */ = {isa = PBXFileReference; lastKnownFileType = file; path = audiotest.m4a; sourceTree = "<group>"; };
		1AFD2C7C279D5C05006E3612 /* SubwayAlarmData.swift */ = {isa = PBXFileReference; lastKnownFileType = sourcecode.swift; path = SubwayAlarmData.swift; sourceTree = "<group>"; };
		4F9D827C8A4C08A3E77CBD05 /* Pods_Hatcha.framework */ = {isa = PBXFileReference; explicitFileType = wrapper.framework; includeInIndex = 0; path = Pods_Hatcha.framework; sourceTree = BUILT_PRODUCTS_DIR; };
		6D89A6CB4EFEEE4421680114 /* Pods-Hatcha.debug.xcconfig */ = {isa = PBXFileReference; includeInIndex = 1; lastKnownFileType = text.xcconfig; name = "Pods-Hatcha.debug.xcconfig"; path = "Target Support Files/Pods-Hatcha/Pods-Hatcha.debug.xcconfig"; sourceTree = "<group>"; };
		9056CEE26D506A69196764C6 /* Pods-Hatcha.release.xcconfig */ = {isa = PBXFileReference; includeInIndex = 1; lastKnownFileType = text.xcconfig; name = "Pods-Hatcha.release.xcconfig"; path = "Target Support Files/Pods-Hatcha/Pods-Hatcha.release.xcconfig"; sourceTree = "<group>"; };
/* End PBXFileReference section */

/* Begin PBXFrameworksBuildPhase section */
		1A78EC40277EF05B00AEED90 /* Frameworks */ = {
			isa = PBXFrameworksBuildPhase;
			buildActionMask = 2147483647;
			files = (
				A9A76320FFF9BE417DD91590 /* Pods_Hatcha.framework in Frameworks */,
			);
			runOnlyForDeploymentPostprocessing = 0;
		};
/* End PBXFrameworksBuildPhase section */

/* Begin PBXGroup section */
		1A78EC3A277EF05B00AEED90 = {
			isa = PBXGroup;
			children = (
				1A78EC45277EF05B00AEED90 /* Hatcha */,
				1A78EC44277EF05B00AEED90 /* Products */,
				26EF07676E23852404C944C5 /* Pods */,
				460BDC668B2B3929204BD8F8 /* Frameworks */,
			);
			sourceTree = "<group>";
		};
		1A78EC44277EF05B00AEED90 /* Products */ = {
			isa = PBXGroup;
			children = (
				1A78EC43277EF05B00AEED90 /* Hatcha.app */,
			);
			name = Products;
			sourceTree = "<group>";
		};
		1A78EC45277EF05B00AEED90 /* Hatcha */ = {
			isa = PBXGroup;
			children = (
				1AD6D16F2791E17100CDBCC3 /* test2.m4a */,
				1AD6D1732792F31B00CDBCC3 /* audiotest.m4a */,
				1A78EC46277EF05B00AEED90 /* AppDelegate.swift */,
				1A78EC5C277EFA0E00AEED90 /* Model */,
				1A78EC5A277EF9F900AEED90 /* View */,
				1A78EC5B277EFA0400AEED90 /* Controller */,
				1A78EC4F277EF05E00AEED90 /* Assets.xcassets */,
				1A78EC51277EF05E00AEED90 /* LaunchScreen.storyboard */,
				1A78EC54277EF05E00AEED90 /* Info.plist */,
				1A78EC632781B1DA00AEED90 /* Constants.swift */,
			);
			path = Hatcha;
			sourceTree = "<group>";
		};
		1A78EC5A277EF9F900AEED90 /* View */ = {
			isa = PBXGroup;
			children = (
				1A78EC4C277EF05B00AEED90 /* Main.storyboard */,
				1A78EC5D2781AC4F00AEED90 /* MyTableViewCell.swift */,
				1A78EC5E2781AC4F00AEED90 /* MyTableViewCell.xib */,
			);
			path = View;
			sourceTree = "<group>";
		};
		1A78EC5B277EFA0400AEED90 /* Controller */ = {
			isa = PBXGroup;
			children = (
				1A78EC4A277EF05B00AEED90 /* MainViewController.swift */,
				1A78EC6527820C6C00AEED90 /* SelectionViewController.swift */,
				1A78EC67278214CD00AEED90 /* SubwayViewController.swift */,
				1ABD2AC22785FE0600AF27C2 /* AlarmViewController.swift */,
				1A36EB1627A7D3F000E6F507 /* BusViewController.swift */,
			);
			path = Controller;
			sourceTree = "<group>";
		};
		1A78EC5C277EFA0E00AEED90 /* Model */ = {
			isa = PBXGroup;
			children = (
				1ABD2AC02784A09800AF27C2 /* Subway.swift */,
				1AFD2C7C279D5C05006E3612 /* SubwayAlarmData.swift */,
				1A36EB1427A6810000E6F507 /* LocalNotificationManager.swift */,
				1A36EB1827A7D4E100E6F507 /* Bus.swift */,
			);
			path = Model;
			sourceTree = "<group>";
		};
		26EF07676E23852404C944C5 /* Pods */ = {
			isa = PBXGroup;
			children = (
				6D89A6CB4EFEEE4421680114 /* Pods-Hatcha.debug.xcconfig */,
				9056CEE26D506A69196764C6 /* Pods-Hatcha.release.xcconfig */,
			);
			path = Pods;
			sourceTree = "<group>";
		};
		460BDC668B2B3929204BD8F8 /* Frameworks */ = {
			isa = PBXGroup;
			children = (
				4F9D827C8A4C08A3E77CBD05 /* Pods_Hatcha.framework */,
			);
			name = Frameworks;
			sourceTree = "<group>";
		};
/* End PBXGroup section */

/* Begin PBXNativeTarget section */
		1A78EC42277EF05B00AEED90 /* Hatcha */ = {
			isa = PBXNativeTarget;
			buildConfigurationList = 1A78EC57277EF05E00AEED90 /* Build configuration list for PBXNativeTarget "Hatcha" */;
			buildPhases = (
				4F190F42D9126297DFF8450A /* [CP] Check Pods Manifest.lock */,
				1A78EC3F277EF05B00AEED90 /* Sources */,
				1A78EC40277EF05B00AEED90 /* Frameworks */,
				1A78EC41277EF05B00AEED90 /* Resources */,
				328E16014CB5AECAFDBE3B5D /* [CP] Embed Pods Frameworks */,
				1ABB07AA27909635000DB3A5 /* Embed Frameworks */,
			);
			buildRules = (
			);
			dependencies = (
			);
			name = Hatcha;
			productName = Hatcha;
			productReference = 1A78EC43277EF05B00AEED90 /* Hatcha.app */;
			productType = "com.apple.product-type.application";
		};
/* End PBXNativeTarget section */

/* Begin PBXProject section */
		1A78EC3B277EF05B00AEED90 /* Project object */ = {
			isa = PBXProject;
			attributes = {
				BuildIndependentTargetsInParallel = 1;
				LastSwiftUpdateCheck = 1300;
				LastUpgradeCheck = 1300;
				TargetAttributes = {
					1A78EC42277EF05B00AEED90 = {
						CreatedOnToolsVersion = 13.0;
					};
				};
			};
			buildConfigurationList = 1A78EC3E277EF05B00AEED90 /* Build configuration list for PBXProject "Hatcha" */;
			compatibilityVersion = "Xcode 13.0";
			developmentRegion = en;
			hasScannedForEncodings = 0;
			knownRegions = (
				en,
				Base,
			);
			mainGroup = 1A78EC3A277EF05B00AEED90;
			productRefGroup = 1A78EC44277EF05B00AEED90 /* Products */;
			projectDirPath = "";
			projectRoot = "";
			targets = (
				1A78EC42277EF05B00AEED90 /* Hatcha */,
			);
		};
/* End PBXProject section */

/* Begin PBXResourcesBuildPhase section */
		1A78EC41277EF05B00AEED90 /* Resources */ = {
			isa = PBXResourcesBuildPhase;
			buildActionMask = 2147483647;
			files = (
				1A78EC53277EF05E00AEED90 /* LaunchScreen.storyboard in Resources */,
				1A78EC602781AC5000AEED90 /* MyTableViewCell.xib in Resources */,
				1A78EC50277EF05E00AEED90 /* Assets.xcassets in Resources */,
				1A78EC4E277EF05B00AEED90 /* Main.storyboard in Resources */,
				1AD6D1702791E17100CDBCC3 /* test2.m4a in Resources */,
				1AD6D1742792F31B00CDBCC3 /* audiotest.m4a in Resources */,
			);
			runOnlyForDeploymentPostprocessing = 0;
		};
/* End PBXResourcesBuildPhase section */

/* Begin PBXShellScriptBuildPhase section */
		328E16014CB5AECAFDBE3B5D /* [CP] Embed Pods Frameworks */ = {
			isa = PBXShellScriptBuildPhase;
			buildActionMask = 2147483647;
			files = (
			);
			inputFileListPaths = (
				"${PODS_ROOT}/Target Support Files/Pods-Hatcha/Pods-Hatcha-frameworks-${CONFIGURATION}-input-files.xcfilelist",
			);
			name = "[CP] Embed Pods Frameworks";
			outputFileListPaths = (
				"${PODS_ROOT}/Target Support Files/Pods-Hatcha/Pods-Hatcha-frameworks-${CONFIGURATION}-output-files.xcfilelist",
			);
			runOnlyForDeploymentPostprocessing = 0;
			shellPath = /bin/sh;
			shellScript = "\"${PODS_ROOT}/Target Support Files/Pods-Hatcha/Pods-Hatcha-frameworks.sh\"\n";
			showEnvVarsInLog = 0;
		};
		4F190F42D9126297DFF8450A /* [CP] Check Pods Manifest.lock */ = {
			isa = PBXShellScriptBuildPhase;
			buildActionMask = 2147483647;
			files = (
			);
			inputFileListPaths = (
			);
			inputPaths = (
				"${PODS_PODFILE_DIR_PATH}/Podfile.lock",
				"${PODS_ROOT}/Manifest.lock",
			);
			name = "[CP] Check Pods Manifest.lock";
			outputFileListPaths = (
			);
			outputPaths = (
				"$(DERIVED_FILE_DIR)/Pods-Hatcha-checkManifestLockResult.txt",
			);
			runOnlyForDeploymentPostprocessing = 0;
			shellPath = /bin/sh;
			shellScript = "diff \"${PODS_PODFILE_DIR_PATH}/Podfile.lock\" \"${PODS_ROOT}/Manifest.lock\" > /dev/null\nif [ $? != 0 ] ; then\n    # print error to STDERR\n    echo \"error: The sandbox is not in sync with the Podfile.lock. Run 'pod install' or update your CocoaPods installation.\" >&2\n    exit 1\nfi\n# This output is used by Xcode 'outputs' to avoid re-running this script phase.\necho \"SUCCESS\" > \"${SCRIPT_OUTPUT_FILE_0}\"\n";
			showEnvVarsInLog = 0;
		};
/* End PBXShellScriptBuildPhase section */

/* Begin PBXSourcesBuildPhase section */
		1A78EC3F277EF05B00AEED90 /* Sources */ = {
			isa = PBXSourcesBuildPhase;
			buildActionMask = 2147483647;
			files = (
				1ABD2AC32785FE0700AF27C2 /* AlarmViewController.swift in Sources */,
				1A36EB1927A7D4E100E6F507 /* Bus.swift in Sources */,
				1A78EC6627820C6D00AEED90 /* SelectionViewController.swift in Sources */,
				1A36EB1527A6810100E6F507 /* LocalNotificationManager.swift in Sources */,
				1AFD2C7D279D5C05006E3612 /* SubwayAlarmData.swift in Sources */,
				1A78EC68278214CD00AEED90 /* SubwayViewController.swift in Sources */,
				1A78EC642781B1DA00AEED90 /* Constants.swift in Sources */,
				1A78EC4B277EF05B00AEED90 /* MainViewController.swift in Sources */,
				1A36EB1727A7D3F000E6F507 /* BusViewController.swift in Sources */,
				1ABD2AC12784A09800AF27C2 /* Subway.swift in Sources */,
				1A78EC47277EF05B00AEED90 /* AppDelegate.swift in Sources */,
				1A78EC5F2781AC5000AEED90 /* MyTableViewCell.swift in Sources */,
			);
			runOnlyForDeploymentPostprocessing = 0;
		};
/* End PBXSourcesBuildPhase section */

/* Begin PBXVariantGroup section */
		1A78EC4C277EF05B00AEED90 /* Main.storyboard */ = {
			isa = PBXVariantGroup;
			children = (
				1A78EC4D277EF05B00AEED90 /* Base */,
			);
			name = Main.storyboard;
			sourceTree = "<group>";
		};
		1A78EC51277EF05E00AEED90 /* LaunchScreen.storyboard */ = {
			isa = PBXVariantGroup;
			children = (
				1A78EC52277EF05E00AEED90 /* Base */,
			);
			name = LaunchScreen.storyboard;
			sourceTree = "<group>";
		};
/* End PBXVariantGroup section */

/* Begin XCBuildConfiguration section */
		1A78EC55277EF05E00AEED90 /* Debug */ = {
			isa = XCBuildConfiguration;
			buildSettings = {
				ALWAYS_SEARCH_USER_PATHS = NO;
				CLANG_ANALYZER_NONNULL = YES;
				CLANG_ANALYZER_NUMBER_OBJECT_CONVERSION = YES_AGGRESSIVE;
				CLANG_CXX_LANGUAGE_STANDARD = "gnu++17";
				CLANG_CXX_LIBRARY = "libc++";
				CLANG_ENABLE_MODULES = YES;
				CLANG_ENABLE_OBJC_ARC = YES;
				CLANG_ENABLE_OBJC_WEAK = YES;
				CLANG_WARN_BLOCK_CAPTURE_AUTORELEASING = YES;
				CLANG_WARN_BOOL_CONVERSION = YES;
				CLANG_WARN_COMMA = YES;
				CLANG_WARN_CONSTANT_CONVERSION = YES;
				CLANG_WARN_DEPRECATED_OBJC_IMPLEMENTATIONS = YES;
				CLANG_WARN_DIRECT_OBJC_ISA_USAGE = YES_ERROR;
				CLANG_WARN_DOCUMENTATION_COMMENTS = YES;
				CLANG_WARN_EMPTY_BODY = YES;
				CLANG_WARN_ENUM_CONVERSION = YES;
				CLANG_WARN_INFINITE_RECURSION = YES;
				CLANG_WARN_INT_CONVERSION = YES;
				CLANG_WARN_NON_LITERAL_NULL_CONVERSION = YES;
				CLANG_WARN_OBJC_IMPLICIT_RETAIN_SELF = YES;
				CLANG_WARN_OBJC_LITERAL_CONVERSION = YES;
				CLANG_WARN_OBJC_ROOT_CLASS = YES_ERROR;
				CLANG_WARN_QUOTED_INCLUDE_IN_FRAMEWORK_HEADER = YES;
				CLANG_WARN_RANGE_LOOP_ANALYSIS = YES;
				CLANG_WARN_STRICT_PROTOTYPES = YES;
				CLANG_WARN_SUSPICIOUS_MOVE = YES;
				CLANG_WARN_UNGUARDED_AVAILABILITY = YES_AGGRESSIVE;
				CLANG_WARN_UNREACHABLE_CODE = YES;
				CLANG_WARN__DUPLICATE_METHOD_MATCH = YES;
				COPY_PHASE_STRIP = NO;
				DEBUG_INFORMATION_FORMAT = dwarf;
				ENABLE_BITCODE = YES;
				ENABLE_STRICT_OBJC_MSGSEND = YES;
				ENABLE_TESTABILITY = YES;
				GCC_C_LANGUAGE_STANDARD = gnu11;
				GCC_DYNAMIC_NO_PIC = NO;
				GCC_NO_COMMON_BLOCKS = YES;
				GCC_OPTIMIZATION_LEVEL = 0;
				GCC_PREPROCESSOR_DEFINITIONS = (
					"DEBUG=1",
					"$(inherited)",
				);
				GCC_WARN_64_TO_32_BIT_CONVERSION = YES;
				GCC_WARN_ABOUT_RETURN_TYPE = YES_ERROR;
				GCC_WARN_UNDECLARED_SELECTOR = YES;
				GCC_WARN_UNINITIALIZED_AUTOS = YES_AGGRESSIVE;
				GCC_WARN_UNUSED_FUNCTION = YES;
				GCC_WARN_UNUSED_VARIABLE = YES;
				IPHONEOS_DEPLOYMENT_TARGET = 15.0;
				MTL_ENABLE_DEBUG_INFO = INCLUDE_SOURCE;
				MTL_FAST_MATH = YES;
				ONLY_ACTIVE_ARCH = YES;
				SDKROOT = iphoneos;
				SWIFT_ACTIVE_COMPILATION_CONDITIONS = DEBUG;
				SWIFT_OPTIMIZATION_LEVEL = "-Onone";
			};
			name = Debug;
		};
		1A78EC56277EF05E00AEED90 /* Release */ = {
			isa = XCBuildConfiguration;
			buildSettings = {
				ALWAYS_SEARCH_USER_PATHS = NO;
				CLANG_ANALYZER_NONNULL = YES;
				CLANG_ANALYZER_NUMBER_OBJECT_CONVERSION = YES_AGGRESSIVE;
				CLANG_CXX_LANGUAGE_STANDARD = "gnu++17";
				CLANG_CXX_LIBRARY = "libc++";
				CLANG_ENABLE_MODULES = YES;
				CLANG_ENABLE_OBJC_ARC = YES;
				CLANG_ENABLE_OBJC_WEAK = YES;
				CLANG_WARN_BLOCK_CAPTURE_AUTORELEASING = YES;
				CLANG_WARN_BOOL_CONVERSION = YES;
				CLANG_WARN_COMMA = YES;
				CLANG_WARN_CONSTANT_CONVERSION = YES;
				CLANG_WARN_DEPRECATED_OBJC_IMPLEMENTATIONS = YES;
				CLANG_WARN_DIRECT_OBJC_ISA_USAGE = YES_ERROR;
				CLANG_WARN_DOCUMENTATION_COMMENTS = YES;
				CLANG_WARN_EMPTY_BODY = YES;
				CLANG_WARN_ENUM_CONVERSION = YES;
				CLANG_WARN_INFINITE_RECURSION = YES;
				CLANG_WARN_INT_CONVERSION = YES;
				CLANG_WARN_NON_LITERAL_NULL_CONVERSION = YES;
				CLANG_WARN_OBJC_IMPLICIT_RETAIN_SELF = YES;
				CLANG_WARN_OBJC_LITERAL_CONVERSION = YES;
				CLANG_WARN_OBJC_ROOT_CLASS = YES_ERROR;
				CLANG_WARN_QUOTED_INCLUDE_IN_FRAMEWORK_HEADER = YES;
				CLANG_WARN_RANGE_LOOP_ANALYSIS = YES;
				CLANG_WARN_STRICT_PROTOTYPES = YES;
				CLANG_WARN_SUSPICIOUS_MOVE = YES;
				CLANG_WARN_UNGUARDED_AVAILABILITY = YES_AGGRESSIVE;
				CLANG_WARN_UNREACHABLE_CODE = YES;
				CLANG_WARN__DUPLICATE_METHOD_MATCH = YES;
				COPY_PHASE_STRIP = NO;
				DEBUG_INFORMATION_FORMAT = "dwarf-with-dsym";
				ENABLE_BITCODE = YES;
				ENABLE_NS_ASSERTIONS = NO;
				ENABLE_STRICT_OBJC_MSGSEND = YES;
				GCC_C_LANGUAGE_STANDARD = gnu11;
				GCC_NO_COMMON_BLOCKS = YES;
				GCC_WARN_64_TO_32_BIT_CONVERSION = YES;
				GCC_WARN_ABOUT_RETURN_TYPE = YES_ERROR;
				GCC_WARN_UNDECLARED_SELECTOR = YES;
				GCC_WARN_UNINITIALIZED_AUTOS = YES_AGGRESSIVE;
				GCC_WARN_UNUSED_FUNCTION = YES;
				GCC_WARN_UNUSED_VARIABLE = YES;
				IPHONEOS_DEPLOYMENT_TARGET = 15.0;
				MTL_ENABLE_DEBUG_INFO = NO;
				MTL_FAST_MATH = YES;
				SDKROOT = iphoneos;
				SWIFT_COMPILATION_MODE = wholemodule;
				SWIFT_OPTIMIZATION_LEVEL = "-O";
				VALIDATE_PRODUCT = YES;
			};
			name = Release;
		};
		1A78EC58277EF05E00AEED90 /* Debug */ = {
			isa = XCBuildConfiguration;
			baseConfigurationReference = 6D89A6CB4EFEEE4421680114 /* Pods-Hatcha.debug.xcconfig */;
			buildSettings = {
				ASSETCATALOG_COMPILER_APPICON_NAME = AppIcon;
				ASSETCATALOG_COMPILER_GLOBAL_ACCENT_COLOR_NAME = AccentColor;
				CODE_SIGN_STYLE = Automatic;
				CURRENT_PROJECT_VERSION = 1;
				DEVELOPMENT_TEAM = 6DXT245L5T;
				ENABLE_BITCODE = YES;
				FRAMEWORK_SEARCH_PATHS = (
					"$(inherited)",
					"$(PROJECT_DIR)",
				);
				GENERATE_INFOPLIST_FILE = YES;
				INFOPLIST_FILE = Hatcha/Info.plist;
				INFOPLIST_KEY_NSMicrophoneUsageDescription = "안내방송을 들어야하기 때문에 마이크 권한이 필요합니다!";
				INFOPLIST_KEY_NSSpeechRecognitionUsageDescription = "안내방송을 듣고 음성인식을 하기 때문에 권한이 필요합니다!";
				INFOPLIST_KEY_UIApplicationSupportsIndirectInputEvents = YES;
				INFOPLIST_KEY_UILaunchStoryboardName = LaunchScreen;
				INFOPLIST_KEY_UIMainStoryboardFile = Main;
				INFOPLIST_KEY_UISupportedInterfaceOrientations_iPad = "UIInterfaceOrientationPortrait UIInterfaceOrientationPortraitUpsideDown UIInterfaceOrientationLandscapeLeft UIInterfaceOrientationLandscapeRight";
				INFOPLIST_KEY_UISupportedInterfaceOrientations_iPhone = "UIInterfaceOrientationPortrait UIInterfaceOrientationLandscapeLeft UIInterfaceOrientationLandscapeRight";
				LD_RUNPATH_SEARCH_PATHS = (
					"$(inherited)",
					"@executable_path/Frameworks",
				);
				MARKETING_VERSION = 1.0;
				PRODUCT_BUNDLE_IDENTIFIER = konkuk.jhpark.Hatcha;
				PRODUCT_NAME = "$(TARGET_NAME)";
				SWIFT_EMIT_LOC_STRINGS = YES;
				SWIFT_VERSION = 5.0;
				TARGETED_DEVICE_FAMILY = "1,2";
				VALIDATE_WORKSPACE = YES;
			};
			name = Debug;
		};
		1A78EC59277EF05E00AEED90 /* Release */ = {
			isa = XCBuildConfiguration;
			baseConfigurationReference = 9056CEE26D506A69196764C6 /* Pods-Hatcha.release.xcconfig */;
			buildSettings = {
				ASSETCATALOG_COMPILER_APPICON_NAME = AppIcon;
				ASSETCATALOG_COMPILER_GLOBAL_ACCENT_COLOR_NAME = AccentColor;
				CODE_SIGN_STYLE = Automatic;
				CURRENT_PROJECT_VERSION = 1;
				DEVELOPMENT_TEAM = 6DXT245L5T;
				ENABLE_BITCODE = YES;
				FRAMEWORK_SEARCH_PATHS = (
					"$(inherited)",
					"$(PROJECT_DIR)",
				);
				GENERATE_INFOPLIST_FILE = YES;
				INFOPLIST_FILE = Hatcha/Info.plist;
				INFOPLIST_KEY_NSMicrophoneUsageDescription = "안내방송을 들어야하기 때문에 마이크 권한이 필요합니다!";
				INFOPLIST_KEY_NSSpeechRecognitionUsageDescription = "안내방송을 듣고 음성인식을 하기 때문에 권한이 필요합니다!";
				INFOPLIST_KEY_UIApplicationSupportsIndirectInputEvents = YES;
				INFOPLIST_KEY_UILaunchStoryboardName = LaunchScreen;
				INFOPLIST_KEY_UIMainStoryboardFile = Main;
				INFOPLIST_KEY_UISupportedInterfaceOrientations_iPad = "UIInterfaceOrientationPortrait UIInterfaceOrientationPortraitUpsideDown UIInterfaceOrientationLandscapeLeft UIInterfaceOrientationLandscapeRight";
				INFOPLIST_KEY_UISupportedInterfaceOrientations_iPhone = "UIInterfaceOrientationPortrait UIInterfaceOrientationLandscapeLeft UIInterfaceOrientationLandscapeRight";
				LD_RUNPATH_SEARCH_PATHS = (
					"$(inherited)",
					"@executable_path/Frameworks",
				);
				MARKETING_VERSION = 1.0;
				PRODUCT_BUNDLE_IDENTIFIER = konkuk.jhpark.Hatcha;
				PRODUCT_NAME = "$(TARGET_NAME)";
				SWIFT_EMIT_LOC_STRINGS = YES;
				SWIFT_VERSION = 5.0;
				TARGETED_DEVICE_FAMILY = "1,2";
				VALIDATE_WORKSPACE = YES;
			};
			name = Release;
		};
/* End XCBuildConfiguration section */

/* Begin XCConfigurationList section */
		1A78EC3E277EF05B00AEED90 /* Build configuration list for PBXProject "Hatcha" */ = {
			isa = XCConfigurationList;
			buildConfigurations = (
				1A78EC55277EF05E00AEED90 /* Debug */,
				1A78EC56277EF05E00AEED90 /* Release */,
			);
			defaultConfigurationIsVisible = 0;
			defaultConfigurationName = Release;
		};
		1A78EC57277EF05E00AEED90 /* Build configuration list for PBXNativeTarget "Hatcha" */ = {
			isa = XCConfigurationList;
			buildConfigurations = (
				1A78EC58277EF05E00AEED90 /* Debug */,
				1A78EC59277EF05E00AEED90 /* Release */,
			);
			defaultConfigurationIsVisible = 0;
			defaultConfigurationName = Release;
		};
/* End XCConfigurationList section */
	};
	rootObject = 1A78EC3B277EF05B00AEED90 /* Project object */;
}
